PODS:
  - ACPDownload (1.1.0)
  - ActionSheetPicker-3.0 (2.3.0)
  - Alamofire (4.3.0)
  - ContentSheet (0.1.5)
  - DKImagePickerController (3.6.1):
    - DKImagePickerController/Camera (= 3.6.1)
    - DKImagePickerController/ImageManager (= 3.6.1)
  - DKImagePickerController/Camera (3.6.1)
  - DKImagePickerController/ImageManager (3.6.1)
  - DropDown (2)
  - FLAnimatedImage (1.0.12)
  - GLNotificationBar (1.3.3)
  - GSImageViewerController (1.2.0)
  - HockeySDK (4.1.6):
    - HockeySDK/DefaultLib (= 4.1.6)
  - HockeySDK/DefaultLib (4.1.6)
  - ICGVideoTrimmer (1.1)
  - JSSAlertView (3.0.4)
  - Mantis (0.27)
  - MMMaterialDesignSpinner (0.2.3)
  - NSTimer-Blocks (0.0.1)
  - ObjectMapper (3.3.0)
  - PinCodeTextField (0.0.4):
    - PinCodeTextField/Swift (= 0.0.4)
  - PinCodeTextField/Core (0.0.4)
  - PinCodeTextField/Swift (0.0.4):
    - PinCodeTextField/Core
  - RSKImageCropper (1.6.3)
  - SDWebImage/Core (4.4.2)
  - SDWebImage/GIF (4.4.2):
    - FLAnimatedImage (~> 1.0)
    - SDWebImage/Core
  - SimpleImageViewer (1.1)
  - SnapKit (3.1.2)
  - Socket.IO-Client-Swift (13.1.0):
    - Starscream (~> 3.0.2)
  - Starscream (3.0.3)
  - SWActivityIndicatorView (1.0.0)
  - SwiftKeychainWrapper (3.0.1)
  - SwiftyGif (4.2.0)
  - SwiftyGiphy (1.1.1):
    - FLAnimatedImage (~> 1.0)
    - NSTimer-Blocks
    - ObjectMapper (~> 3.0)
    - SDWebImage/GIF
  - SwiftyJSON (3.0.0)
  - SwiftyRSA (1.3.1):
    - SwiftyRSA/ObjC (= 1.3.1)
  - SwiftyRSA/ObjC (1.3.1)
  - SWMessages (0.3.0)
  - Toast-Swift (2.0.0)
  - WebRTC (61.19850-master)

DEPENDENCIES:
  - ACPDownload (~> 1.1.0)
  - ActionSheetPicker-3.0 (~> 2.3.0)
  - Alamofire (~> 4.3)
  - ContentSheet
  - DKImagePickerController
  - DropDown
  - GLNotificationBar
  - GSImageViewerController
  - HockeySDK
  - ICGVideoTrimmer
  - JSSAlertView
  - Mantis (~> 0.27)
  - MMMaterialDesignSpinner
  - PinCodeTextField (from `https://github.com/tkach/PinCodeTextField`)
  - RSKImageCropper
  - SimpleImageViewer (~> 1.1)
  - SnapKit (~> 3.1.2)
  - Socket.IO-Client-Swift (~> 13.1.0)
  - SWActivityIndicatorView
  - SwiftKeychainWrapper (~> 3.0)
  - SwiftyGif
  - SwiftyGiphy
  - SwiftyJSON (= 3.0.0)
  - SwiftyRSA
  - SWMessages (~> 0.3.0)
  - Toast-Swift (~> 2.0.0)
  - WebRTC (from `https://github.com/xquezme/WebRTC.git`, tag `61.19850-master`)

SPEC REPOS:
  https://github.com/cocoapods/specs.git:
    - ACPDownload
    - ActionSheetPicker-3.0
    - Alamofire
    - ContentSheet
    - DKImagePickerController
    - DropDown
    - FLAnimatedImage
    - GLNotificationBar
    - GSImageViewerController
    - HockeySDK
    - ICGVideoTrimmer
    - JSSAlertView
    - Mantis
    - MMMaterialDesignSpinner
    - NSTimer-Blocks
    - ObjectMapper
    - RSKImageCropper
    - SDWebImage
    - SimpleImageViewer
    - SnapKit
    - Socket.IO-Client-Swift
    - Starscream
    - SWActivityIndicatorView
    - SwiftKeychainWrapper
    - SwiftyGif
    - SwiftyGiphy
    - SwiftyJSON
    - SwiftyRSA
    - SWMessages
    - Toast-Swift

EXTERNAL SOURCES:
  PinCodeTextField:
    :git: https://github.com/tkach/PinCodeTextField
  WebRTC:
    :git: https://github.com/xquezme/WebRTC.git
    :tag: 61.19850-master

CHECKOUT OPTIONS:
  PinCodeTextField:
    :commit: 3d10ab02526fa4ca79a38311478ea2b220739b3c
    :git: https://github.com/tkach/PinCodeTextField
  WebRTC:
    :git: https://github.com/xquezme/WebRTC.git
    :tag: 61.19850-master

SPEC CHECKSUMS:
  ACPDownload: 9c6349be96019b6c8c87ad46570af1cbc7106bf4
  ActionSheetPicker-3.0: eef157d75e151f255c5333d26656c7fbfe905a51
  Alamofire: 856a113053a7bc9cbe5d6367a555d773fc5cfef7
  ContentSheet: ac530032e7e8b1e0f21724ab74427fcbaf85c700
  DKImagePickerController: 4f8072aed44119a33955c9583273ea7c8739c0f4
  DropDown: 744784d9c9aa505100e942c16acd05430cbb2f0a
  FLAnimatedImage: 4a0b56255d9b05f18b6dd7ee06871be5d3b89e31
  GLNotificationBar: 1151ef5fe5e420cbb9da3c4c67435dba43c95a73
  GSImageViewerController: cd90d8a692666981d432f7633bcaa66aa7592221
  HockeySDK: 95db557d54489a570dcdefae0d02f98eecc279a3
  ICGVideoTrimmer: 1f54de0595af56af2a406f20cdb33c1c440d15cd
  JSSAlertView: 7d8345c88e6fd8b515bc49f0fc8d8c69f6776b9c
  Mantis: d2aaacfa5efaedcbc193282d6fff8b2c3e4a707f
  MMMaterialDesignSpinner: 55c80b454f7928d0ed789cc3c456fa06bd6a2f16
  NSTimer-Blocks: 88faf9aef5f250ead087f3f67ae642517083bf36
  ObjectMapper: b612bf8c8e99c4dc0bb6013a51f7c27966ed5da9
  PinCodeTextField: 1248da9733734692d598941a5a0866af1ffc5e0a
  RSKImageCropper: 356e36fc58c57c371b5d8b23d603936d6a73df6c
  SDWebImage: 624d6e296c69b244bcede364c72ae0430ac14681
  SimpleImageViewer: 293698047ffaf41e79c0c6b052ed38b218583453
  SnapKit: 12b24f569cb7c143acc9c22b9d91b23e7b1c84a2
  Socket.IO-Client-Swift: b67a96d6a9e5f271bceb93e99779d2cf77c74868
  Starscream: dfb1b3f39506717ee52b67fb48de0c8269504cbc
  SWActivityIndicatorView: 950f50c2e6fec7338d13c8b95c1a6c9fca4f516f
  SwiftKeychainWrapper: 38952a3636320ae61bad3513cadd870929de7a4a
  SwiftyGif: a149bf84df23370592f3f075561ae02c8632a314
  SwiftyGiphy: 87930387b007b84c463bee2ec2a2d28d88b78b93
  SwiftyJSON: f57b2b44bc166617372d1c70773591fe9f0f5fd4
  SwiftyRSA: 2da6509638c4a9e4f4407177f0a3cffc4e6e112b
  SWMessages: 39dc4ffdde42004b2ee5af14077fc73668498350
  Toast-Swift: 5b2f8f720f7e78e48511f693df1f9c9a6e38a25a
  WebRTC: 85cad411deb1c0c09b7963152cd9902e7bbae70c

PODFILE CHECKSUM: 0e74c206cf94eb92fc431f97d1dcd8f08b6f56bc

COCOAPODS: 1.6.1
